
Microsoft Visual Studio Solution File, Format Version 11.00
# Visual Studio 2010
Project("{FAE04EC0-301F-11D3-BF4B-00C04F79EFBC}") = "DiceRollLib", "DiceRollLib\DiceRollLib.csproj", "{712799B1-CFC1-47EB-BE69-5CB25C810BF1}"
EndProject
Project("{FAE04EC0-301F-11D3-BF4B-00C04F79EFBC}") = "DiceRollTest", "DiceRollTest\DiceRollTest.csproj", "{76931341-E492-42F7-8048-2B05A5439F09}"
EndProject
Project("{FAE04EC0-301F-11D3-BF4B-00C04F79EFBC}") = "DiceRollConsoleApp", "DiceRollConsoleApp\DiceRollConsoleApp.csproj", "{A20A004B-1698-4BAC-AD05-F6D6B7028187}"
EndProject
Global
	GlobalSection(SolutionConfigurationPlatforms) = preSolution
		Debug|Any CPU = Debug|Any CPU
		Debug|Mixed Platforms = Debug|Mixed Platforms
		Debug|x86 = Debug|x86
		Release|Any CPU = Release|Any CPU
		Release|Mixed Platforms = Release|Mixed Platforms
		Release|x86 = Release|x86
	EndGlobalSection
	GlobalSection(ProjectConfigurationPlatforms) = postSolution
		{712799B1-CFC1-47EB-BE69-5CB25C810BF1}.Debug|Any CPU.ActiveCfg = Debug|Any CPU
		{712799B1-CFC1-47EB-BE69-5CB25C810BF1}.Debug|Any CPU.Build.0 = Debug|Any CPU
		{712799B1-CFC1-47EB-BE69-5CB25C810BF1}.Debug|Mixed Platforms.ActiveCfg = Debug|Any CPU
		{712799B1-CFC1-47EB-BE69-5CB25C810BF1}.Debug|Mixed Platforms.Build.0 = Debug|Any CPU
		{712799B1-CFC1-47EB-BE69-5CB25C810BF1}.Debug|x86.ActiveCfg = Debug|Any CPU
		{712799B1-CFC1-47EB-BE69-5CB25C810BF1}.Release|Any CPU.ActiveCfg = Release|Any CPU
		{712799B1-CFC1-47EB-BE69-5CB25C810BF1}.Release|Any CPU.Build.0 = Release|Any CPU
		{712799B1-CFC1-47EB-BE69-5CB25C810BF1}.Release|Mixed Platforms.ActiveCfg = Release|Any CPU
		{712799B1-CFC1-47EB-BE69-5CB25C810BF1}.Release|Mixed Platforms.Build.0 = Release|Any CPU
		{712799B1-CFC1-47EB-BE69-5CB25C810BF1}.Release|x86.ActiveCfg = Release|Any CPU
		{76931341-E492-42F7-8048-2B05A5439F09}.Debug|Any CPU.ActiveCfg = Debug|Any CPU
		{76931341-E492-42F7-8048-2B05A5439F09}.Debug|Any CPU.Build.0 = Debug|Any CPU
		{76931341-E492-42F7-8048-2B05A5439F09}.Debug|Mixed Platforms.ActiveCfg = Debug|Any CPU
		{76931341-E492-42F7-8048-2B05A5439F09}.Debug|Mixed Platforms.Build.0 = Debug|Any CPU
		{76931341-E492-42F7-8048-2B05A5439F09}.Debug|x86.ActiveCfg = Debug|Any CPU
		{76931341-E492-42F7-8048-2B05A5439F09}.Release|Any CPU.ActiveCfg = Release|Any CPU
		{76931341-E492-42F7-8048-2B05A5439F09}.Release|Any CPU.Build.0 = Release|Any CPU
		{76931341-E492-42F7-8048-2B05A5439F09}.Release|Mixed Platforms.ActiveCfg = Release|Any CPU
		{76931341-E492-42F7-8048-2B05A5439F09}.Release|Mixed Platforms.Build.0 = Release|Any CPU
		{76931341-E492-42F7-8048-2B05A5439F09}.Release|x86.ActiveCfg = Release|Any CPU
		{A20A004B-1698-4BAC-AD05-F6D6B7028187}.Debug|Any CPU.ActiveCfg = Debug|x86
		{A20A004B-1698-4BAC-AD05-F6D6B7028187}.Debug|Mixed Platforms.ActiveCfg = Debug|x86
		{A20A004B-1698-4BAC-AD05-F6D6B7028187}.Debug|Mixed Platforms.Build.0 = Debug|x86
		{A20A004B-1698-4BAC-AD05-F6D6B7028187}.Debug|x86.ActiveCfg = Debug|x86
		{A20A004B-1698-4BAC-AD05-F6D6B7028187}.Debug|x86.Build.0 = Debug|x86
		{A20A004B-1698-4BAC-AD05-F6D6B7028187}.Release|Any CPU.ActiveCfg = Release|x86
		{A20A004B-1698-4BAC-AD05-F6D6B7028187}.Release|Mixed Platforms.ActiveCfg = Release|x86
		{A20A004B-1698-4BAC-AD05-F6D6B7028187}.Release|Mixed Platforms.Build.0 = Release|x86
		{A20A004B-1698-4BAC-AD05-F6D6B7028187}.Release|x86.ActiveCfg = Release|x86
		{A20A004B-1698-4BAC-AD05-F6D6B7028187}.Release|x86.Build.0 = Release|x86
	EndGlobalSection
	GlobalSection(SolutionProperties) = preSolution
		HideSolutionNode = FALSE
	EndGlobalSection
EndGlobal
